# This file is automatically @generated by Cargo.
# It is not intended for manual editing.
version = 3

[[package]]
name = "git-testing"
version = "0.1.0"
dependencies = [
 "git-testing-lib",
]

[[package]]
name = "git-testing-lib"
version = "0.1.0"
source = "git+https://github.com/Toasterson/git-testing-lib.git#f1a0d5723b3acb1332f725ffc802b11aef6a3038"
